
Microsoft Visual Studio Solution File, Format Version 12.00
# Visual Studio Version 17
VisualStudioVersion = 17.3.32929.385
MinimumVisualStudioVersion = 10.0.40219.1
Project("{54A90642-561A-4BB1-A94E-469ADEE60C69}") = "reactprojectassesment6", "reactprojectassesment6\reactprojectassesment6.esproj", "{50414BFA-547D-44BD-9E03-4F76650F4931}"
EndProject
Global
	GlobalSection(SolutionConfigurationPlatforms) = preSolution
		Debug|Any CPU = Debug|Any CPU
		Release|Any CPU = Release|Any CPU
	EndGlobalSection
	GlobalSection(ProjectConfigurationPlatforms) = postSolution
		{50414BFA-547D-44BD-9E03-4F76650F4931}.Debug|Any CPU.ActiveCfg = Debug|Any CPU
		{50414BFA-547D-44BD-9E03-4F76650F4931}.Debug|Any CPU.Build.0 = Debug|Any CPU
		{50414BFA-547D-44BD-9E03-4F76650F4931}.Debug|Any CPU.Deploy.0 = Debug|Any CPU
		{50414BFA-547D-44BD-9E03-4F76650F4931}.Release|Any CPU.ActiveCfg = Release|Any CPU
		{50414BFA-547D-44BD-9E03-4F76650F4931}.Release|Any CPU.Build.0 = Release|Any CPU
		{50414BFA-547D-44BD-9E03-4F76650F4931}.Release|Any CPU.Deploy.0 = Release|Any CPU
	EndGlobalSection
	GlobalSection(SolutionProperties) = preSolution
		HideSolutionNode = FALSE
	EndGlobalSection
	GlobalSection(ExtensibilityGlobals) = postSolution
		SolutionGuid = {53A0D0C8-CD70-4995-8D66-0748B4123A0D}
	EndGlobalSection
EndGlobal
